
Microsoft Visual Studio Solution File, Format Version 12.00
# Visual Studio Version 16
VisualStudioVersion = 16.0.29806.167
MinimumVisualStudioVersion = 10.0.40219.1
Project("{FAE04EC0-301F-11D3-BF4B-00C04F79EFBC}") = "Maket_Lab", "Maket_Lab\Maket_Lab.csproj", "{9CDB9345-795D-41A7-8341-47D902B0E8FC}"
EndProject
Global
	GlobalSection(SolutionConfigurationPlatforms) = preSolution
		Debug|Any CPU = Debug|Any CPU
		Release|Any CPU = Release|Any CPU
	EndGlobalSection
	GlobalSection(ProjectConfigurationPlatforms) = postSolution
		{9CDB9345-795D-41A7-8341-47D902B0E8FC}.Debug|Any CPU.ActiveCfg = Debug|Any CPU
		{9CDB9345-795D-41A7-8341-47D902B0E8FC}.Debug|Any CPU.Build.0 = Debug|Any CPU
		{9CDB9345-795D-41A7-8341-47D902B0E8FC}.Release|Any CPU.ActiveCfg = Release|Any CPU
		{9CDB9345-795D-41A7-8341-47D902B0E8FC}.Release|Any CPU.Build.0 = Release|Any CPU
	EndGlobalSection
	GlobalSection(SolutionProperties) = preSolution
		HideSolutionNode = FALSE
	EndGlobalSection
	GlobalSection(ExtensibilityGlobals) = postSolution
		SolutionGuid = {4A0719B4-28E5-433F-8D30-8FC0E1F21F96}
	EndGlobalSection
EndGlobal
